Microsoft Visual Studio Solution File, Format Version 11.00
# Visual Studio 2008

Project("{B27BBC40-E6EB-2E28-811C-7D1B1C91D098}") = "Game 2", "Assembly-CSharp-firstpass.csproj", "{A325D88D-4C31-2A2E-B4C9-37B997B25A01}"
EndProject
Project("{B27BBC40-E6EB-2E28-811C-7D1B1C91D098}") = "Game 2", "Assembly-CSharp.csproj", "{575DF0BD-09F2-7250-E878-9D0927FC924D}"
EndProject
Project("{B27BBC40-E6EB-2E28-811C-7D1B1C91D098}") = "Game 2", "Assembly-CSharp-Editor.csproj", "{963CF033-8B38-1422-0460-4CB90491D083}"
EndProject
Global
	GlobalSection(SolutionConfigurationPlatforms) = preSolution
		Debug|Any CPU = Debug|Any CPU
		Release|Any CPU = Release|Any CPU
	EndGlobalSection
	GlobalSection(ProjectConfigurationPlatforms) = postSolution
		{A325D88D-4C31-2A2E-B4C9-37B997B25A01}.Debug|Any CPU.ActiveCfg = Debug|Any CPU
		{A325D88D-4C31-2A2E-B4C9-37B997B25A01}.Debug|Any CPU.Build.0 = Debug|Any CPU
		{A325D88D-4C31-2A2E-B4C9-37B997B25A01}.Release|Any CPU.ActiveCfg = Release|Any CPU
		{A325D88D-4C31-2A2E-B4C9-37B997B25A01}.Release|Any CPU.Build.0 = Release|Any CPU
		{575DF0BD-09F2-7250-E878-9D0927FC924D}.Debug|Any CPU.ActiveCfg = Debug|Any CPU
		{575DF0BD-09F2-7250-E878-9D0927FC924D}.Debug|Any CPU.Build.0 = Debug|Any CPU
		{575DF0BD-09F2-7250-E878-9D0927FC924D}.Release|Any CPU.ActiveCfg = Release|Any CPU
		{575DF0BD-09F2-7250-E878-9D0927FC924D}.Release|Any CPU.Build.0 = Release|Any CPU
		{963CF033-8B38-1422-0460-4CB90491D083}.Debug|Any CPU.ActiveCfg = Debug|Any CPU
		{963CF033-8B38-1422-0460-4CB90491D083}.Debug|Any CPU.Build.0 = Debug|Any CPU
		{963CF033-8B38-1422-0460-4CB90491D083}.Release|Any CPU.ActiveCfg = Release|Any CPU
		{963CF033-8B38-1422-0460-4CB90491D083}.Release|Any CPU.Build.0 = Release|Any CPU
	EndGlobalSection
	GlobalSection(SolutionProperties) = preSolution
		HideSolutionNode = FALSE
	EndGlobalSection
	GlobalSection(MonoDevelopProperties) = preSolution
		StartupItem = Assembly-CSharp.csproj
	EndGlobalSection
EndGlobal
